
Microsoft Visual Studio Solution File, Format Version 12.00
# Visual Studio 15
VisualStudioVersion = 15.0.26730.16
MinimumVisualStudioVersion = 10.0.40219.1
Project("{2150E333-8FDC-42A3-9474-1A3956D46DE8}") = "src", "src", "{1FF55DB2-644E-4870-9B96-B3DC0DE5E21E}"
EndProject
Project("{2150E333-8FDC-42A3-9474-1A3956D46DE8}") = "tests", "tests", "{575B6963-ECEF-4108-B386-C2AA1B0CA0C8}"
EndProject
Project("{9A19103F-16F7-4668-BE54-9A1E7A4F7556}") = "Faker.Core.Extensions.JsonTests", "tests\Faker.Core.Extensions.JsonTests\Faker.Core.Extensions.JsonTests.csproj", "{954AF491-ECA6-4B36-95A1-03764D474D05}"
EndProject
Project("{2150E333-8FDC-42A3-9474-1A3956D46DE8}") = "Solution Items", "Solution Items", "{2FCE82E0-8721-429D-944D-34BEEDB91CC7}"
	ProjectSection(SolutionItems) = preProject
		appveyor.yml = appveyor.yml
		build.cake = build.cake
		build.ps1 = build.ps1
	EndProjectSection
EndProject
Project("{9A19103F-16F7-4668-BE54-9A1E7A4F7556}") = "Faker.Core.Extensions.Json", "src\Faker.Core.Extensions.Json\Faker.Core.Extensions.Json.csproj", "{D656F17A-FF55-4C0A-8062-ADCAF007285B}"
EndProject
Global
	GlobalSection(SolutionConfigurationPlatforms) = preSolution
		Debug|Any CPU = Debug|Any CPU
		Release|Any CPU = Release|Any CPU
	EndGlobalSection
	GlobalSection(ProjectConfigurationPlatforms) = postSolution
		{954AF491-ECA6-4B36-95A1-03764D474D05}.Debug|Any CPU.ActiveCfg = Debug|Any CPU
		{954AF491-ECA6-4B36-95A1-03764D474D05}.Debug|Any CPU.Build.0 = Debug|Any CPU
		{954AF491-ECA6-4B36-95A1-03764D474D05}.Release|Any CPU.ActiveCfg = Release|Any CPU
		{954AF491-ECA6-4B36-95A1-03764D474D05}.Release|Any CPU.Build.0 = Release|Any CPU
		{D656F17A-FF55-4C0A-8062-ADCAF007285B}.Debug|Any CPU.ActiveCfg = Debug|Any CPU
		{D656F17A-FF55-4C0A-8062-ADCAF007285B}.Debug|Any CPU.Build.0 = Debug|Any CPU
		{D656F17A-FF55-4C0A-8062-ADCAF007285B}.Release|Any CPU.ActiveCfg = Release|Any CPU
		{D656F17A-FF55-4C0A-8062-ADCAF007285B}.Release|Any CPU.Build.0 = Release|Any CPU
	EndGlobalSection
	GlobalSection(SolutionProperties) = preSolution
		HideSolutionNode = FALSE
	EndGlobalSection
	GlobalSection(NestedProjects) = preSolution
		{954AF491-ECA6-4B36-95A1-03764D474D05} = {575B6963-ECEF-4108-B386-C2AA1B0CA0C8}
		{D656F17A-FF55-4C0A-8062-ADCAF007285B} = {1FF55DB2-644E-4870-9B96-B3DC0DE5E21E}
	EndGlobalSection
	GlobalSection(ExtensibilityGlobals) = postSolution
		SolutionGuid = {B9386B53-E7F7-405B-B74F-89835F4AC706}
	EndGlobalSection
EndGlobal
